// !$*UTF8*$!
{
	archiveVersion = 1;
	classes = {
	};
	objectVersion = 46;
	objects = {

/* Begin PBXBuildFile section */
		18E4788E1A37E10400EC9774 /* main.m in Sources */ = {isa = PBXBuildFile; fileRef = 18E4788D1A37E10400EC9774 /* main.m */; };
		18E478911A37E10400EC9774 /* AppDelegate.m in Sources */ = {isa = PBXBuildFile; fileRef = 18E478901A37E10400EC9774 /* AppDelegate.m */; };
		18E478941A37E10400EC9774 /* ViewController.m in Sources */ = {isa = PBXBuildFile; fileRef = 18E478931A37E10400EC9774 /* ViewController.m */; };
		18E478971A37E10400EC9774 /* Main.storyboard in Resources */ = {isa = PBXBuildFile; fileRef = 18E478951A37E10400EC9774 /* Main.storyboard */; };
		18E478991A37E10400EC9774 /* Images.xcassets in Resources */ = {isa = PBXBuildFile; fileRef = 18E478981A37E10400EC9774 /* Images.xcassets */; };
		18E4789C1A37E10400EC9774 /* LaunchScreen.xib in Resources */ = {isa = PBXBuildFile; fileRef = 18E4789A1A37E10400EC9774 /* LaunchScreen.xib */; };
		18E478A81A37E10400EC9774 /* _2_________transform_Tests.m in Sources */ = {isa = PBXBuildFile; fileRef = 18E478A71A37E10400EC9774 /* _2_________transform_Tests.m */; };
/* End PBXBuildFile section */

/* Begin PBXContainerItemProxy section */
		18E478A21A37E10400EC9774 /* PBXContainerItemProxy */ = {
			isa = PBXContainerItemProxy;
			containerPortal = 18E478801A37E10400EC9774 /* Project object */;
			proxyType = 1;
			remoteGlobalIDString = 18E478871A37E10400EC9774;
			remoteInfo = "02-按钮的基本使用(transform)";
		};
/* End PBXContainerItemProxy section */

/* Begin PBXFileReference section */
		18E478881A37E10400EC9774 /* 02-按钮的基本使用(transform).app */ = {isa = PBXFileReference; explicitFileType = wrapper.application; includeInIndex = 0; path = "02-按钮的基本使用(transform).app"; sourceTree = BUILT_PRODUCTS_DIR; };
		18E4788C1A37E10400EC9774 /* Info.plist */ = {isa = PBXFileReference; lastKnownFileType = text.plist.xml; path = Info.plist; sourceTree = "<group>"; };
		18E4788D1A37E10400EC9774 /* main.m */ = {isa = PBXFileReference; lastKnownFileType = sourcecode.c.objc; path = main.m; sourceTree = "<group>"; };
		18E4788F1A37E10400EC9774 /* AppDelegate.h */ = {isa = PBXFileReference; lastKnownFileType = sourcecode.c.h; path = AppDelegate.h; sourceTree = "<group>"; };
		18E478901A37E10400EC9774 /* AppDelegate.m */ = {isa = PBXFileReference; lastKnownFileType = sourcecode.c.objc; path = AppDelegate.m; sourceTree = "<group>"; };
		18E478921A37E10400EC9774 /* ViewController.h */ = {isa = PBXFileReference; lastKnownFileType = sourcecode.c.h; path = ViewController.h; sourceTree = "<group>"; };
		18E478931A37E10400EC9774 /* ViewController.m */ = {isa = PBXFileReference; lastKnownFileType = sourcecode.c.objc; path = ViewController.m; sourceTree = "<group>"; };
		18E478961A37E10400EC9774 /* Base */ = {isa = PBXFileReference; lastKnownFileType = file.storyboard; name = Base; path = Base.lproj/Main.storyboard; sourceTree = "<group>"; };
		18E478981A37E10400EC9774 /* Images.xcassets */ = {isa = PBXFileReference; lastKnownFileType = folder.assetcatalog; path = Images.xcassets; sourceTree = "<group>"; };
		18E4789B1A37E10400EC9774 /* Base */ = {isa = PBXFileReference; lastKnownFileType = file.xib; name = Base; path = Base.lproj/LaunchScreen.xib; sourceTree = "<group>"; };
		18E478A11A37E10400EC9774 /* 02-按钮的基本使用(transform)Tests.xctest */ = {isa = PBXFileReference; explicitFileType = wrapper.cfbundle; includeInIndex = 0; path = "02-按钮的基本使用(transform)Tests.xctest"; sourceTree = BUILT_PRODUCTS_DIR; };
		18E478A61A37E10400EC9774 /* Info.plist */ = {isa = PBXFileReference; lastKnownFileType = text.plist.xml; path = Info.plist; sourceTree = "<group>"; };
		18E478A71A37E10400EC9774 /* _2_________transform_Tests.m */ = {isa = PBXFileReference; lastKnownFileType = sourcecode.c.objc; path = "_2_________transform_Tests.m"; sourceTree = "<group>"; };
/* End PBXFileReference section */

/* Begin PBXFrameworksBuildPhase section */
		18E478851A37E10400EC9774 /* Frameworks */ = {
			isa = PBXFrameworksBuildPhase;
			buildActionMask = 2147483647;
			files = (
			);
			runOnlyForDeploymentPostprocessing = 0;
		};
		18E4789E1A37E10400EC9774 /* Frameworks */ = {
			isa = PBXFrameworksBuildPhase;
			buildActionMask = 2147483647;
			files = (
			);
			runOnlyForDeploymentPostprocessing = 0;
		};
/* End PBXFrameworksBuildPhase section */

/* Begin PBXGroup section */
		18E4787F1A37E10400EC9774 = {
			isa = PBXGroup;
			children = (
				18E4788A1A37E10400EC9774 /* 02-按钮的基本使用(transform) */,
				18E478A41A37E10400EC9774 /* 02-按钮的基本使用(transform)Tests */,
				18E478891A37E10400EC9774 /* Products */,
			);
			sourceTree = "<group>";
		};
		18E478891A37E10400EC9774 /* Products */ = {
			isa = PBXGroup;
			children = (
				18E478881A37E10400EC9774 /* 02-按钮的基本使用(transform).app */,
				18E478A11A37E10400EC9774 /* 02-按钮的基本使用(transform)Tests.xctest */,
			);
			name = Products;
			sourceTree = "<group>";
		};
		18E4788A1A37E10400EC9774 /* 02-按钮的基本使用(transform) */ = {
			isa = PBXGroup;
			children = (
				18E4788F1A37E10400EC9774 /* AppDelegate.h */,
				18E478901A37E10400EC9774 /* AppDelegate.m */,
				18E478921A37E10400EC9774 /* ViewController.h */,
				18E478931A37E10400EC9774 /* ViewController.m */,
				18E478951A37E10400EC9774 /* Main.storyboard */,
				18E478981A37E10400EC9774 /* Images.xcassets */,
				18E4789A1A37E10400EC9774 /* LaunchScreen.xib */,
				18E4788B1A37E10400EC9774 /* Supporting Files */,
			);
			path = "02-按钮的基本使用(transform)";
			sourceTree = "<group>";
		};
		18E4788B1A37E10400EC9774 /* Supporting Files */ = {
			isa = PBXGroup;
			children = (
				18E4788C1A37E10400EC9774 /* Info.plist */,
				18E4788D1A37E10400EC9774 /* main.m */,
			);
			name = "Supporting Files";
			sourceTree = "<group>";
		};
		18E478A41A37E10400EC9774 /* 02-按钮的基本使用(transform)Tests */ = {
			isa = PBXGroup;
			children = (
				18E478A71A37E10400EC9774 /* _2_________transform_Tests.m */,
				18E478A51A37E10400EC9774 /* Supporting Files */,
			);
			path = "02-按钮的基本使用(transform)Tests";
			sourceTree = "<group>";
		};
		18E478A51A37E10400EC9774 /* Supporting Files */ = {
			isa = PBXGroup;
			children = (
				18E478A61A37E10400EC9774 /* Info.plist */,
			);
			name = "Supporting Files";
			sourceTree = "<group>";
		};
/* End PBXGroup section */

/* Begin PBXNativeTarget section */
		18E478871A37E10400EC9774 /* 02-按钮的基本使用(transform) */ = {
			isa = PBXNativeTarget;
			buildConfigurationList = 18E478AB1A37E10400EC9774 /* Build configuration list for PBXNativeTarget "02-按钮的基本使用(transform)" */;
			buildPhases = (
				18E478841A37E10400EC9774 /* Sources */,
				18E478851A37E10400EC9774 /* Frameworks */,
				18E478861A37E10400EC9774 /* Resources */,
			);
			buildRules = (
			);
			dependencies = (
			);
			name = "02-按钮的基本使用(transform)";
			productName = "02-按钮的基本使用(transform)";
			productReference = 18E478881A37E10400EC9774 /* 02-按钮的基本使用(transform).app */;
			productType = "com.apple.product-type.application";
		};
		18E478A01A37E10400EC9774 /* 02-按钮的基本使用(transform)Tests */ = {
			isa = PBXNativeTarget;
			buildConfigurationList = 18E478AE1A37E10400EC9774 /* Build configuration list for PBXNativeTarget "02-按钮的基本使用(transform)Tests" */;
			buildPhases = (
				18E4789D1A37E10400EC9774 /* Sources */,
				18E4789E1A37E10400EC9774 /* Frameworks */,
				18E4789F1A37E10400EC9774 /* Resources */,
			);
			buildRules = (
			);
			dependencies = (
				18E478A31A37E10400EC9774 /* PBXTargetDependency */,
			);
			name = "02-按钮的基本使用(transform)Tests";
			productName = "02-按钮的基本使用(transform)Tests";
			productReference = 18E478A11A37E10400EC9774 /* 02-按钮的基本使用(transform)Tests.xctest */;
			productType = "com.apple.product-type.bundle.unit-test";
		};
/* End PBXNativeTarget section */

/* Begin PBXProject section */
		18E478801A37E10400EC9774 /* Project object */ = {
			isa = PBXProject;
			attributes = {
				LastUpgradeCheck = 0610;
				ORGANIZATIONNAME = itcast;
				TargetAttributes = {
					18E478871A37E10400EC9774 = {
						CreatedOnToolsVersion = 6.1;
					};
					18E478A01A37E10400EC9774 = {
						CreatedOnToolsVersion = 6.1;
						TestTargetID = 18E478871A37E10400EC9774;
					};
				};
			};
			buildConfigurationList = 18E478831A37E10400EC9774 /* Build configuration list for PBXProject "02-按钮的基本使用(transform)" */;
			compatibilityVersion = "Xcode 3.2";
			developmentRegion = English;
			hasScannedForEncodings = 0;
			knownRegions = (
				en,
				Base,
			);
			mainGroup = 18E4787F1A37E10400EC9774;
			productRefGroup = 18E478891A37E10400EC9774 /* Products */;
			projectDirPath = "";
			projectRoot = "";
			targets = (
				18E478871A37E10400EC9774 /* 02-按钮的基本使用(transform) */,
				18E478A01A37E10400EC9774 /* 02-按钮的基本使用(transform)Tests */,
			);
		};
/* End PBXProject section */

/* Begin PBXResourcesBuildPhase section */
		18E478861A37E10400EC9774 /* Resources */ = {
			isa = PBXResourcesBuildPhase;
			buildActionMask = 2147483647;
			files = (
				18E478971A37E10400EC9774 /* Main.storyboard in Resources */,
				18E4789C1A37E10400EC9774 /* LaunchScreen.xib in Resources */,
				18E478991A37E10400EC9774 /* Images.xcassets in Resources */,
			);
			runOnlyForDeploymentPostprocessing = 0;
		};
		18E4789F1A37E10400EC9774 /* Resources */ = {
			isa = PBXResourcesBuildPhase;
			buildActionMask = 2147483647;
			files = (
			);
			runOnlyForDeploymentPostprocessing = 0;
		};
/* End PBXResourcesBuildPhase section */

/* Begin PBXSourcesBuildPhase section */
		18E478841A37E10400EC9774 /* Sources */ = {
			isa = PBXSourcesBuildPhase;
			buildActionMask = 2147483647;
			files = (
				18E478941A37E10400EC9774 /* ViewController.m in Sources */,
				18E478911A37E10400EC9774 /* AppDelegate.m in Sources */,
				18E4788E1A37E10400EC9774 /* main.m in Sources */,
			);
			runOnlyForDeploymentPostprocessing = 0;
		};
		18E4789D1A37E10400EC9774 /* Sources */ = {
			isa = PBXSourcesBuildPhase;
			buildActionMask = 2147483647;
			files = (
				18E478A81A37E10400EC9774 /* _2_________transform_Tests.m in Sources */,
			);
			runOnlyForDeploymentPostprocessing = 0;
		};
/* End PBXSourcesBuildPhase section */

/* Begin PBXTargetDependency section */
		18E478A31A37E10400EC9774 /* PBXTargetDependency */ = {
			isa = PBXTargetDependency;
			target = 18E478871A37E10400EC9774 /* 02-按钮的基本使用(transform) */;
			targetProxy = 18E478A21A37E10400EC9774 /* PBXContainerItemProxy */;
		};
/* End PBXTargetDependency section */

/* Begin PBXVariantGroup section */
		18E478951A37E10400EC9774 /* Main.storyboard */ = {
			isa = PBXVariantGroup;
			children = (
				18E478961A37E10400EC9774 /* Base */,
			);
			name = Main.storyboard;
			sourceTree = "<group>";
		};
		18E4789A1A37E10400EC9774 /* LaunchScreen.xib */ = {
			isa = PBXVariantGroup;
			children = (
				18E4789B1A37E10400EC9774 /* Base */,
			);
			name = LaunchScreen.xib;
			sourceTree = "<group>";
		};
/* End PBXVariantGroup section */

/* Begin XCBuildConfiguration section */
		18E478A91A37E10400EC9774 /* Debug */ = {
			isa = XCBuildConfiguration;
			buildSettings = {
				ALWAYS_SEARCH_USER_PATHS = NO;
				CLANG_CXX_LANGUAGE_STANDARD = "gnu++0x";
				CLANG_CXX_LIBRARY = "libc++";
				CLANG_ENABLE_MODULES = YES;
				CLANG_ENABLE_OBJC_ARC = YES;
				CLANG_WARN_BOOL_CONVERSION = YES;
				CLANG_WARN_CONSTANT_CONVERSION = YES;
				CLANG_WARN_DIRECT_OBJC_ISA_USAGE = YES_ERROR;
				CLANG_WARN_EMPTY_BODY = YES;
				CLANG_WARN_ENUM_CONVERSION = YES;
				CLANG_WARN_INT_CONVERSION = YES;
				CLANG_WARN_OBJC_ROOT_CLASS = YES_ERROR;
				CLANG_WARN_UNREACHABLE_CODE = YES;
				CLANG_WARN__DUPLICATE_METHOD_MATCH = YES;
				"CODE_SIGN_IDENTITY[sdk=iphoneos*]" = "iPhone Developer";
				COPY_PHASE_STRIP = NO;
				ENABLE_STRICT_OBJC_MSGSEND = YES;
				GCC_C_LANGUAGE_STANDARD = gnu99;
				GCC_DYNAMIC_NO_PIC = NO;
				GCC_OPTIMIZATION_LEVEL = 0;
				GCC_PREPROCESSOR_DEFINITIONS = (
					"DEBUG=1",
					"$(inherited)",
				);
				GCC_SYMBOLS_PRIVATE_EXTERN = NO;
				GCC_WARN_64_TO_32_BIT_CONVERSION = YES;
				GCC_WARN_ABOUT_RETURN_TYPE = YES_ERROR;
				GCC_WARN_UNDECLARED_SELECTOR = YES;
				GCC_WARN_UNINITIALIZED_AUTOS = YES_AGGRESSIVE;
				GCC_WARN_UNUSED_FUNCTION = YES;
				GCC_WARN_UNUSED_VARIABLE = YES;
				IPHONEOS_DEPLOYMENT_TARGET = 8.1;
				MTL_ENABLE_DEBUG_INFO = YES;
				ONLY_ACTIVE_ARCH = YES;
				SDKROOT = iphoneos;
			};
			name = Debug;
		};
		18E478AA1A37E10400EC9774 /* Release */ = {
			isa = XCBuildConfiguration;
			buildSettings = {
				ALWAYS_SEARCH_USER_PATHS = NO;
				CLANG_CXX_LANGUAGE_STANDARD = "gnu++0x";
				CLANG_CXX_LIBRARY = "libc++";
				CLANG_ENABLE_MODULES = YES;
				CLANG_ENABLE_OBJC_ARC = YES;
				CLANG_WARN_BOOL_CONVERSION = YES;
				CLANG_WARN_CONSTANT_CONVERSION = YES;
				CLANG_WARN_DIRECT_OBJC_ISA_USAGE = YES_ERROR;
				CLANG_WARN_EMPTY_BODY = YES;
				CLANG_WARN_ENUM_CONVERSION = YES;
				CLANG_WARN_INT_CONVERSION = YES;
				CLANG_WARN_OBJC_ROOT_CLASS = YES_ERROR;
				CLANG_WARN_UNREACHABLE_CODE = YES;
				CLANG_WARN__DUPLICATE_METHOD_MATCH = YES;
				"CODE_SIGN_IDENTITY[sdk=iphoneos*]" = "iPhone Developer";
				COPY_PHASE_STRIP = YES;
				ENABLE_NS_ASSERTIONS = NO;
				ENABLE_STRICT_OBJC_MSGSEND = YES;
				GCC_C_LANGUAGE_STANDARD = gnu99;
				GCC_WARN_64_TO_32_BIT_CONVERSION = YES;
				GCC_WARN_ABOUT_RETURN_TYPE = YES_ERROR;
				GCC_WARN_UNDECLARED_SELECTOR = YES;
				GCC_WARN_UNINITIALIZED_AUTOS = YES_AGGRESSIVE;
				GCC_WARN_UNUSED_FUNCTION = YES;
				GCC_WARN_UNUSED_VARIABLE = YES;
				IPHONEOS_DEPLOYMENT_TARGET = 8.1;
				MTL_ENABLE_DEBUG_INFO = NO;
				SDKROOT = iphoneos;
				VALIDATE_PRODUCT = YES;
			};
			name = Release;
		};
		18E478AC1A37E10400EC9774 /* Debug */ = {
			isa = XCBuildConfiguration;
			buildSettings = {
				ASSETCATALOG_COMPILER_APPICON_NAME = AppIcon;
				INFOPLIST_FILE = "02-按钮的基本使用(transform)/Info.plist";
				LD_RUNPATH_SEARCH_PATHS = "$(inherited) @executable_path/Frameworks";
				PRODUCT_NAME = "$(TARGET_NAME)";
			};
			name = Debug;
		};
		18E478AD1A37E10400EC9774 /* Release */ = {
			isa = XCBuildConfiguration;
			buildSettings = {
				ASSETCATALOG_COMPILER_APPICON_NAME = AppIcon;
				INFOPLIST_FILE = "02-按钮的基本使用(transform)/Info.plist";
				LD_RUNPATH_SEARCH_PATHS = "$(inherited) @executable_path/Frameworks";
				PRODUCT_NAME = "$(TARGET_NAME)";
			};
			name = Release;
		};
		18E478AF1A37E10400EC9774 /* Debug */ = {
			isa = XCBuildConfiguration;
			buildSettings = {
				BUNDLE_LOADER = "$(TEST_HOST)";
				FRAMEWORK_SEARCH_PATHS = (
					"$(SDKROOT)/Developer/Library/Frameworks",
					"$(inherited)",
				);
				GCC_PREPROCESSOR_DEFINITIONS = (
					"DEBUG=1",
					"$(inherited)",
				);
				INFOPLIST_FILE = "02-按钮的基本使用(transform)Tests/Info.plist";
				LD_RUNPATH_SEARCH_PATHS = "$(inherited) @executable_path/Frameworks @loader_path/Frameworks";
				PRODUCT_NAME = "$(TARGET_NAME)";
				TEST_HOST = "$(BUILT_PRODUCTS_DIR)/02-按钮的基本使用(transform).app/02-按钮的基本使用(transform)";
			};
			name = Debug;
		};
		18E478B01A37E10400EC9774 /* Release */ = {
			isa = XCBuildConfiguration;
			buildSettings = {
				BUNDLE_LOADER = "$(TEST_HOST)";
				FRAMEWORK_SEARCH_PATHS = (
					"$(SDKROOT)/Developer/Library/Frameworks",
					"$(inherited)",
				);
				INFOPLIST_FILE = "02-按钮的基本使用(transform)Tests/Info.plist";
				LD_RUNPATH_SEARCH_PATHS = "$(inherited) @executable_path/Frameworks @loader_path/Frameworks";
				PRODUCT_NAME = "$(TARGET_NAME)";
				TEST_HOST = "$(BUILT_PRODUCTS_DIR)/02-按钮的基本使用(transform).app/02-按钮的基本使用(transform)";
			};
			name = Release;
		};
/* End XCBuildConfiguration section */

/* Begin XCConfigurationList section */
		18E478831A37E10400EC9774 /* Build configuration list for PBXProject "02-按钮的基本使用(transform)" */ = {
			isa = XCConfigurationList;
			buildConfigurations = (
				18E478A91A37E10400EC9774 /* Debug */,
				18E478AA1A37E10400EC9774 /* Release */,
			);
			defaultConfigurationIsVisible = 0;
			defaultConfigurationName = Release;
		};
		18E478AB1A37E10400EC9774 /* Build configuration list for PBXNativeTarget "02-按钮的基本使用(transform)" */ = {
			isa = XCConfigurationList;
			buildConfigurations = (
				18E478AC1A37E10400EC9774 /* Debug */,
				18E478AD1A37E10400EC9774 /* Release */,
			);
			defaultConfigurationIsVisible = 0;
		};
		18E478AE1A37E10400EC9774 /* Build configuration list for PBXNativeTarget "02-按钮的基本使用(transform)Tests" */ = {
			isa = XCConfigurationList;
			buildConfigurations = (
				18E478AF1A37E10400EC9774 /* Debug */,
				18E478B01A37E10400EC9774 /* Release */,
			);
			defaultConfigurationIsVisible = 0;
		};
/* End XCConfigurationList section */
	};
	rootObject = 18E478801A37E10400EC9774 /* Project object */;
}
